
Microsoft Visual Studio Solution File, Format Version 12.00
# Visual Studio Version 16
VisualStudioVersion = 16.0.31321.278
MinimumVisualStudioVersion = 10.0.40219.1
Project("{2150E333-8FDC-42A3-9474-1A3956D46DE8}") = "0 - Presentation", "0 - Presentation", "{8A445DFD-CF71-4691-A97C-A2209E55F2BB}"
EndProject
Project("{2150E333-8FDC-42A3-9474-1A3956D46DE8}") = "1 - Service", "1 - Service", "{9A7D34A3-9DC8-4878-8210-3DEF81968D82}"
EndProject
Project("{2150E333-8FDC-42A3-9474-1A3956D46DE8}") = "2 - Domain", "2 - Domain", "{A4EC0D8D-2319-4068-9228-3CC65393947C}"
EndProject
Project("{2150E333-8FDC-42A3-9474-1A3956D46DE8}") = "3 - Infra", "3 - Infra", "{41EB9BD5-8CAE-4093-9CF9-682C76D08552}"
EndProject
Project("{9A19103F-16F7-4668-BE54-9A1E7A4F7556}") = "CtrlInvest.Domain", "src\CtrlInvest.Domain\CtrlInvest.Domain.csproj", "{E87B9B8D-153D-44F2-B2F2-8BDFBD24CD3E}"
EndProject
Project("{9A19103F-16F7-4668-BE54-9A1E7A4F7556}") = "CtrlInvest.Infra.Repository", "src\CtrlInvest.Infra.Repository\CtrlInvest.Infra.Repository.csproj", "{B2D25DB4-F42F-4ACF-90DC-7DB10B9CDC98}"
EndProject
Project("{9A19103F-16F7-4668-BE54-9A1E7A4F7556}") = "CtrlInvest.Infra.Context", "src\CtrlInvest.Infra.Context\CtrlInvest.Infra.Context.csproj", "{0AE2B17D-3031-4717-8D75-6E4F4364C32E}"
EndProject
Project("{9A19103F-16F7-4668-BE54-9A1E7A4F7556}") = "CtrlInvest.Services", "src\CtrlInvest.Services\CtrlInvest.Services.csproj", "{F80E4F44-7461-44D8-B1A7-7B15B4574179}"
EndProject
Project("{9A19103F-16F7-4668-BE54-9A1E7A4F7556}") = "CtrlInvest.UI.Web", "src\CtrlInvest.UI.Web\CtrlInvest.UI.Web.csproj", "{5269B04D-49D0-4D24-9491-9630E7CD5D9F}"
EndProject
Project("{2150E333-8FDC-42A3-9474-1A3956D46DE8}") = "3.1 CrossCutting", "3.1 CrossCutting", "{7F9B9B3D-8E18-48AA-8806-463E37AAE7F7}"
EndProject
Project("{2150E333-8FDC-42A3-9474-1A3956D46DE8}") = "3.2 Data", "3.2 Data", "{8E0CC79D-B4B3-49EA-B71F-9EE1145A3ED7}"
EndProject
Project("{2150E333-8FDC-42A3-9474-1A3956D46DE8}") = "3.3 DevOps", "3.3 DevOps", "{084A34AD-406A-4F52-B9EE-563969DC0FA8}"
	ProjectSection(SolutionItems) = preProject
		docker-compose.yaml = docker-compose.yaml
		Dockerfile-API-StockExchange = Dockerfile-API-StockExchange
		InitializeDatabase.sql = InitializeDatabase.sql
		Insert_Tickets_BRL.sql = Insert_Tickets_BRL.sql
		Test_data.sql = Test_data.sql
	EndProjectSection
EndProject
Project("{9A19103F-16F7-4668-BE54-9A1E7A4F7556}") = "CtrlInvest.CrossCutting", "src\CtrlInvest.CrossCutting\CtrlInvest.CrossCutting.csproj", "{B45345BC-205C-464B-ABE7-EFB674E67DE0}"
EndProject
Project("{9A19103F-16F7-4668-BE54-9A1E7A4F7556}") = "CtrlInvest.CrossCutting.Ioc", "src\CtrlInvest.CrossCutting.Ioc\CtrlInvest.CrossCutting.Ioc.csproj", "{C039928E-BA19-40CA-97F6-E09448FB7ED2}"
EndProject
Project("{9A19103F-16F7-4668-BE54-9A1E7A4F7556}") = "CtrlInvest.Infra.External", "src\CtrlInvest.Infra.External\CtrlInvest.Infra.External.csproj", "{227AA9E0-7E7E-4C30-B44F-E66CCE3FE2DD}"
EndProject
Project("{9A19103F-16F7-4668-BE54-9A1E7A4F7556}") = "CtrlInvest.ImportHistorical", "src\CtrlInvest.ImportHistorical\CtrlInvest.ImportHistorical.csproj", "{63E19FA9-55B9-492C-9FC3-35D71E66717E}"
EndProject
Project("{2150E333-8FDC-42A3-9474-1A3956D46DE8}") = "SQL-Scripts", "SQL-Scripts", "{49E8EAA6-75DF-4DD3-9881-A5B1A3A8BB66}"
	ProjectSection(SolutionItems) = preProject
		1-Function-uuid-ossp.sql = 1-Function-uuid-ossp.sql
	EndProjectSection
EndProject
Project("{9A19103F-16F7-4668-BE54-9A1E7A4F7556}") = "CtrlInvest.API.StockExchange", "src\CtrlInvest.API.StockExchange\CtrlInvest.API.StockExchange.csproj", "{1D913163-E25D-4EC5-88AB-AA9B1C206F50}"
EndProject
Project("{2150E333-8FDC-42A3-9474-1A3956D46DE8}") = "4 - Microservice", "4 - Microservice", "{74D9C20B-7D2E-4D20-AD1D-35BE0A444A34}"
EndProject
Project("{9A19103F-16F7-4668-BE54-9A1E7A4F7556}") = "CtrlInvest.Import.HistoricalPrice", "src\CtrlInvest.Import.HistoricalPrice\CtrlInvest.Import.HistoricalPrice.csproj", "{5D300084-423D-460C-8451-95201827CDEC}"
EndProject
Project("{FAE04EC0-301F-11D3-BF4B-00C04F79EFBC}") = "CtrlInvest.Receive.HistoricalData", "src\CtrlInvest.Receive.HistoricalData\CtrlInvest.Receive.HistoricalData.csproj", "{1514BA34-3396-4769-9F44-D8B98C054619}"
EndProject
Global
	GlobalSection(SolutionConfigurationPlatforms) = preSolution
		Debug|Any CPU = Debug|Any CPU
		Release|Any CPU = Release|Any CPU
	EndGlobalSection
	GlobalSection(ProjectConfigurationPlatforms) = postSolution
		{E87B9B8D-153D-44F2-B2F2-8BDFBD24CD3E}.Debug|Any CPU.ActiveCfg = Debug|Any CPU
		{E87B9B8D-153D-44F2-B2F2-8BDFBD24CD3E}.Debug|Any CPU.Build.0 = Debug|Any CPU
		{E87B9B8D-153D-44F2-B2F2-8BDFBD24CD3E}.Release|Any CPU.ActiveCfg = Release|Any CPU
		{E87B9B8D-153D-44F2-B2F2-8BDFBD24CD3E}.Release|Any CPU.Build.0 = Release|Any CPU
		{B2D25DB4-F42F-4ACF-90DC-7DB10B9CDC98}.Debug|Any CPU.ActiveCfg = Debug|Any CPU
		{B2D25DB4-F42F-4ACF-90DC-7DB10B9CDC98}.Debug|Any CPU.Build.0 = Debug|Any CPU
		{B2D25DB4-F42F-4ACF-90DC-7DB10B9CDC98}.Release|Any CPU.ActiveCfg = Release|Any CPU
		{B2D25DB4-F42F-4ACF-90DC-7DB10B9CDC98}.Release|Any CPU.Build.0 = Release|Any CPU
		{0AE2B17D-3031-4717-8D75-6E4F4364C32E}.Debug|Any CPU.ActiveCfg = Debug|Any CPU
		{0AE2B17D-3031-4717-8D75-6E4F4364C32E}.Debug|Any CPU.Build.0 = Debug|Any CPU
		{0AE2B17D-3031-4717-8D75-6E4F4364C32E}.Release|Any CPU.ActiveCfg = Release|Any CPU
		{0AE2B17D-3031-4717-8D75-6E4F4364C32E}.Release|Any CPU.Build.0 = Release|Any CPU
		{F80E4F44-7461-44D8-B1A7-7B15B4574179}.Debug|Any CPU.ActiveCfg = Debug|Any CPU
		{F80E4F44-7461-44D8-B1A7-7B15B4574179}.Debug|Any CPU.Build.0 = Debug|Any CPU
		{F80E4F44-7461-44D8-B1A7-7B15B4574179}.Release|Any CPU.ActiveCfg = Release|Any CPU
		{F80E4F44-7461-44D8-B1A7-7B15B4574179}.Release|Any CPU.Build.0 = Release|Any CPU
		{5269B04D-49D0-4D24-9491-9630E7CD5D9F}.Debug|Any CPU.ActiveCfg = Debug|Any CPU
		{5269B04D-49D0-4D24-9491-9630E7CD5D9F}.Debug|Any CPU.Build.0 = Debug|Any CPU
		{5269B04D-49D0-4D24-9491-9630E7CD5D9F}.Release|Any CPU.ActiveCfg = Release|Any CPU
		{5269B04D-49D0-4D24-9491-9630E7CD5D9F}.Release|Any CPU.Build.0 = Release|Any CPU
		{B45345BC-205C-464B-ABE7-EFB674E67DE0}.Debug|Any CPU.ActiveCfg = Debug|Any CPU
		{B45345BC-205C-464B-ABE7-EFB674E67DE0}.Debug|Any CPU.Build.0 = Debug|Any CPU
		{B45345BC-205C-464B-ABE7-EFB674E67DE0}.Release|Any CPU.ActiveCfg = Release|Any CPU
		{B45345BC-205C-464B-ABE7-EFB674E67DE0}.Release|Any CPU.Build.0 = Release|Any CPU
		{C039928E-BA19-40CA-97F6-E09448FB7ED2}.Debug|Any CPU.ActiveCfg = Debug|Any CPU
		{C039928E-BA19-40CA-97F6-E09448FB7ED2}.Debug|Any CPU.Build.0 = Debug|Any CPU
		{C039928E-BA19-40CA-97F6-E09448FB7ED2}.Release|Any CPU.ActiveCfg = Release|Any CPU
		{C039928E-BA19-40CA-97F6-E09448FB7ED2}.Release|Any CPU.Build.0 = Release|Any CPU
		{227AA9E0-7E7E-4C30-B44F-E66CCE3FE2DD}.Debug|Any CPU.ActiveCfg = Debug|Any CPU
		{227AA9E0-7E7E-4C30-B44F-E66CCE3FE2DD}.Debug|Any CPU.Build.0 = Debug|Any CPU
		{227AA9E0-7E7E-4C30-B44F-E66CCE3FE2DD}.Release|Any CPU.ActiveCfg = Release|Any CPU
		{227AA9E0-7E7E-4C30-B44F-E66CCE3FE2DD}.Release|Any CPU.Build.0 = Release|Any CPU
		{63E19FA9-55B9-492C-9FC3-35D71E66717E}.Debug|Any CPU.ActiveCfg = Debug|Any CPU
		{63E19FA9-55B9-492C-9FC3-35D71E66717E}.Debug|Any CPU.Build.0 = Debug|Any CPU
		{63E19FA9-55B9-492C-9FC3-35D71E66717E}.Release|Any CPU.ActiveCfg = Release|Any CPU
		{63E19FA9-55B9-492C-9FC3-35D71E66717E}.Release|Any CPU.Build.0 = Release|Any CPU
		{1D913163-E25D-4EC5-88AB-AA9B1C206F50}.Debug|Any CPU.ActiveCfg = Debug|Any CPU
		{1D913163-E25D-4EC5-88AB-AA9B1C206F50}.Debug|Any CPU.Build.0 = Debug|Any CPU
		{1D913163-E25D-4EC5-88AB-AA9B1C206F50}.Release|Any CPU.ActiveCfg = Release|Any CPU
		{1D913163-E25D-4EC5-88AB-AA9B1C206F50}.Release|Any CPU.Build.0 = Release|Any CPU
		{5D300084-423D-460C-8451-95201827CDEC}.Debug|Any CPU.ActiveCfg = Debug|Any CPU
		{5D300084-423D-460C-8451-95201827CDEC}.Debug|Any CPU.Build.0 = Debug|Any CPU
		{5D300084-423D-460C-8451-95201827CDEC}.Release|Any CPU.ActiveCfg = Release|Any CPU
		{5D300084-423D-460C-8451-95201827CDEC}.Release|Any CPU.Build.0 = Release|Any CPU
		{1514BA34-3396-4769-9F44-D8B98C054619}.Debug|Any CPU.ActiveCfg = Debug|Any CPU
		{1514BA34-3396-4769-9F44-D8B98C054619}.Debug|Any CPU.Build.0 = Debug|Any CPU
		{1514BA34-3396-4769-9F44-D8B98C054619}.Release|Any CPU.ActiveCfg = Release|Any CPU
		{1514BA34-3396-4769-9F44-D8B98C054619}.Release|Any CPU.Build.0 = Release|Any CPU
	EndGlobalSection
	GlobalSection(SolutionProperties) = preSolution
		HideSolutionNode = FALSE
	EndGlobalSection
	GlobalSection(NestedProjects) = preSolution
		{E87B9B8D-153D-44F2-B2F2-8BDFBD24CD3E} = {A4EC0D8D-2319-4068-9228-3CC65393947C}
		{B2D25DB4-F42F-4ACF-90DC-7DB10B9CDC98} = {8E0CC79D-B4B3-49EA-B71F-9EE1145A3ED7}
		{0AE2B17D-3031-4717-8D75-6E4F4364C32E} = {8E0CC79D-B4B3-49EA-B71F-9EE1145A3ED7}
		{F80E4F44-7461-44D8-B1A7-7B15B4574179} = {9A7D34A3-9DC8-4878-8210-3DEF81968D82}
		{5269B04D-49D0-4D24-9491-9630E7CD5D9F} = {8A445DFD-CF71-4691-A97C-A2209E55F2BB}
		{7F9B9B3D-8E18-48AA-8806-463E37AAE7F7} = {41EB9BD5-8CAE-4093-9CF9-682C76D08552}
		{8E0CC79D-B4B3-49EA-B71F-9EE1145A3ED7} = {41EB9BD5-8CAE-4093-9CF9-682C76D08552}
		{084A34AD-406A-4F52-B9EE-563969DC0FA8} = {41EB9BD5-8CAE-4093-9CF9-682C76D08552}
		{B45345BC-205C-464B-ABE7-EFB674E67DE0} = {7F9B9B3D-8E18-48AA-8806-463E37AAE7F7}
		{C039928E-BA19-40CA-97F6-E09448FB7ED2} = {7F9B9B3D-8E18-48AA-8806-463E37AAE7F7}
		{227AA9E0-7E7E-4C30-B44F-E66CCE3FE2DD} = {8E0CC79D-B4B3-49EA-B71F-9EE1145A3ED7}
		{63E19FA9-55B9-492C-9FC3-35D71E66717E} = {8A445DFD-CF71-4691-A97C-A2209E55F2BB}
		{49E8EAA6-75DF-4DD3-9881-A5B1A3A8BB66} = {084A34AD-406A-4F52-B9EE-563969DC0FA8}
		{1D913163-E25D-4EC5-88AB-AA9B1C206F50} = {8A445DFD-CF71-4691-A97C-A2209E55F2BB}
		{5D300084-423D-460C-8451-95201827CDEC} = {74D9C20B-7D2E-4D20-AD1D-35BE0A444A34}
		{1514BA34-3396-4769-9F44-D8B98C054619} = {74D9C20B-7D2E-4D20-AD1D-35BE0A444A34}
	EndGlobalSection
	GlobalSection(ExtensibilityGlobals) = postSolution
		SolutionGuid = {B56B2DCC-9E15-4227-B7A3-9A2EBFC1B40F}
	EndGlobalSection
EndGlobal
