
Microsoft Visual Studio Solution File, Format Version 12.00
# Visual Studio Version 16
VisualStudioVersion = 16.0.31321.278
MinimumVisualStudioVersion = 10.0.40219.1
Project("{2150E333-8FDC-42A3-9474-1A3956D46DE8}") = "0 - Application", "0 - Application", "{8A445DFD-CF71-4691-A97C-A2209E55F2BB}"
EndProject
Project("{2150E333-8FDC-42A3-9474-1A3956D46DE8}") = "1 - Service", "1 - Service", "{9A7D34A3-9DC8-4878-8210-3DEF81968D82}"
EndProject
Project("{2150E333-8FDC-42A3-9474-1A3956D46DE8}") = "2 - Domain", "2 - Domain", "{A4EC0D8D-2319-4068-9228-3CC65393947C}"
EndProject
Project("{2150E333-8FDC-42A3-9474-1A3956D46DE8}") = "3 - Infra", "3 - Infra", "{41EB9BD5-8CAE-4093-9CF9-682C76D08552}"
EndProject
Project("{FAE04EC0-301F-11D3-BF4B-00C04F79EFBC}") = "CtrlInvest.Domain", "src\CtrlInvest.Domain\CtrlInvest.Domain.csproj", "{E87B9B8D-153D-44F2-B2F2-8BDFBD24CD3E}"
EndProject
Project("{FAE04EC0-301F-11D3-BF4B-00C04F79EFBC}") = "CtrlInvest.Infra.Repository", "src\CtrlInvest.Infra.Repository\CtrlInvest.Infra.Repository.csproj", "{B2D25DB4-F42F-4ACF-90DC-7DB10B9CDC98}"
EndProject
Project("{FAE04EC0-301F-11D3-BF4B-00C04F79EFBC}") = "CtrlInvest.Infra.Context", "src\CtrlInvest.Infra.Context\CtrlInvest.Infra.Context.csproj", "{0AE2B17D-3031-4717-8D75-6E4F4364C32E}"
EndProject
Project("{FAE04EC0-301F-11D3-BF4B-00C04F79EFBC}") = "CtrlInvest.Services", "src\CtrlInvest.Services\CtrlInvest.Services.csproj", "{F80E4F44-7461-44D8-B1A7-7B15B4574179}"
EndProject
Project("{FAE04EC0-301F-11D3-BF4B-00C04F79EFBC}") = "CtrlInvest.UI.Web", "src\CtrlInvest.UI.Web\CtrlInvest.UI.Web.csproj", "{5269B04D-49D0-4D24-9491-9630E7CD5D9F}"
EndProject
Global
	GlobalSection(SolutionConfigurationPlatforms) = preSolution
		Debug|Any CPU = Debug|Any CPU
		Release|Any CPU = Release|Any CPU
	EndGlobalSection
	GlobalSection(ProjectConfigurationPlatforms) = postSolution
		{E87B9B8D-153D-44F2-B2F2-8BDFBD24CD3E}.Debug|Any CPU.ActiveCfg = Debug|Any CPU
		{E87B9B8D-153D-44F2-B2F2-8BDFBD24CD3E}.Debug|Any CPU.Build.0 = Debug|Any CPU
		{E87B9B8D-153D-44F2-B2F2-8BDFBD24CD3E}.Release|Any CPU.ActiveCfg = Release|Any CPU
		{E87B9B8D-153D-44F2-B2F2-8BDFBD24CD3E}.Release|Any CPU.Build.0 = Release|Any CPU
		{B2D25DB4-F42F-4ACF-90DC-7DB10B9CDC98}.Debug|Any CPU.ActiveCfg = Debug|Any CPU
		{B2D25DB4-F42F-4ACF-90DC-7DB10B9CDC98}.Debug|Any CPU.Build.0 = Debug|Any CPU
		{B2D25DB4-F42F-4ACF-90DC-7DB10B9CDC98}.Release|Any CPU.ActiveCfg = Release|Any CPU
		{B2D25DB4-F42F-4ACF-90DC-7DB10B9CDC98}.Release|Any CPU.Build.0 = Release|Any CPU
		{0AE2B17D-3031-4717-8D75-6E4F4364C32E}.Debug|Any CPU.ActiveCfg = Debug|Any CPU
		{0AE2B17D-3031-4717-8D75-6E4F4364C32E}.Debug|Any CPU.Build.0 = Debug|Any CPU
		{0AE2B17D-3031-4717-8D75-6E4F4364C32E}.Release|Any CPU.ActiveCfg = Release|Any CPU
		{0AE2B17D-3031-4717-8D75-6E4F4364C32E}.Release|Any CPU.Build.0 = Release|Any CPU
		{F80E4F44-7461-44D8-B1A7-7B15B4574179}.Debug|Any CPU.ActiveCfg = Debug|Any CPU
		{F80E4F44-7461-44D8-B1A7-7B15B4574179}.Debug|Any CPU.Build.0 = Debug|Any CPU
		{F80E4F44-7461-44D8-B1A7-7B15B4574179}.Release|Any CPU.ActiveCfg = Release|Any CPU
		{F80E4F44-7461-44D8-B1A7-7B15B4574179}.Release|Any CPU.Build.0 = Release|Any CPU
		{5269B04D-49D0-4D24-9491-9630E7CD5D9F}.Debug|Any CPU.ActiveCfg = Debug|Any CPU
		{5269B04D-49D0-4D24-9491-9630E7CD5D9F}.Debug|Any CPU.Build.0 = Debug|Any CPU
		{5269B04D-49D0-4D24-9491-9630E7CD5D9F}.Release|Any CPU.ActiveCfg = Release|Any CPU
		{5269B04D-49D0-4D24-9491-9630E7CD5D9F}.Release|Any CPU.Build.0 = Release|Any CPU
	EndGlobalSection
	GlobalSection(SolutionProperties) = preSolution
		HideSolutionNode = FALSE
	EndGlobalSection
	GlobalSection(NestedProjects) = preSolution
		{E87B9B8D-153D-44F2-B2F2-8BDFBD24CD3E} = {A4EC0D8D-2319-4068-9228-3CC65393947C}
		{B2D25DB4-F42F-4ACF-90DC-7DB10B9CDC98} = {41EB9BD5-8CAE-4093-9CF9-682C76D08552}
		{0AE2B17D-3031-4717-8D75-6E4F4364C32E} = {41EB9BD5-8CAE-4093-9CF9-682C76D08552}
		{F80E4F44-7461-44D8-B1A7-7B15B4574179} = {9A7D34A3-9DC8-4878-8210-3DEF81968D82}
		{5269B04D-49D0-4D24-9491-9630E7CD5D9F} = {8A445DFD-CF71-4691-A97C-A2209E55F2BB}
	EndGlobalSection
	GlobalSection(ExtensibilityGlobals) = postSolution
		SolutionGuid = {B56B2DCC-9E15-4227-B7A3-9A2EBFC1B40F}
	EndGlobalSection
EndGlobal
